
Microsoft Visual Studio Solution File, Format Version 12.00
# Visual Studio 15
VisualStudioVersion = 15.0.26124.0
MinimumVisualStudioVersion = 15.0.26124.0
Project("{FAE04EC0-301F-11D3-BF4B-00C04F79EFBC}") = "Crawler", "Crawler\Crawler.csproj", "{125495EC-E919-4FF1-A70C-D8C7100CAF54}"
EndProject
Project("{FAE04EC0-301F-11D3-BF4B-00C04F79EFBC}") = "SqlServer.Migration", "SqlServer.Migration\SqlServer.Migration.csproj", "{8E222C49-B97F-4438-ADAF-FAB12FAC16CB}"
EndProject
Project("{FAE04EC0-301F-11D3-BF4B-00C04F79EFBC}") = "Runner", "Runner\Runner.csproj", "{3A2EB0E1-428F-4F76-ABD7-D9DA7354E203}"
EndProject
Global
	GlobalSection(SolutionProperties) = preSolution
		HideSolutionNode = FALSE
	EndGlobalSection
	GlobalSection(SolutionConfigurationPlatforms) = preSolution
		Debug|Any CPU = Debug|Any CPU
		Debug|x64 = Debug|x64
		Debug|x86 = Debug|x86
		Release|Any CPU = Release|Any CPU
		Release|x64 = Release|x64
		Release|x86 = Release|x86
	EndGlobalSection
	GlobalSection(ProjectConfigurationPlatforms) = postSolution
		{125495EC-E919-4FF1-A70C-D8C7100CAF54}.Debug|Any CPU.ActiveCfg = Debug|Any CPU
		{125495EC-E919-4FF1-A70C-D8C7100CAF54}.Debug|Any CPU.Build.0 = Debug|Any CPU
		{125495EC-E919-4FF1-A70C-D8C7100CAF54}.Debug|x64.ActiveCfg = Debug|Any CPU
		{125495EC-E919-4FF1-A70C-D8C7100CAF54}.Debug|x64.Build.0 = Debug|Any CPU
		{125495EC-E919-4FF1-A70C-D8C7100CAF54}.Debug|x86.ActiveCfg = Debug|Any CPU
		{125495EC-E919-4FF1-A70C-D8C7100CAF54}.Debug|x86.Build.0 = Debug|Any CPU
		{125495EC-E919-4FF1-A70C-D8C7100CAF54}.Release|Any CPU.ActiveCfg = Release|Any CPU
		{125495EC-E919-4FF1-A70C-D8C7100CAF54}.Release|Any CPU.Build.0 = Release|Any CPU
		{125495EC-E919-4FF1-A70C-D8C7100CAF54}.Release|x64.ActiveCfg = Release|Any CPU
		{125495EC-E919-4FF1-A70C-D8C7100CAF54}.Release|x64.Build.0 = Release|Any CPU
		{125495EC-E919-4FF1-A70C-D8C7100CAF54}.Release|x86.ActiveCfg = Release|Any CPU
		{125495EC-E919-4FF1-A70C-D8C7100CAF54}.Release|x86.Build.0 = Release|Any CPU
		{8E222C49-B97F-4438-ADAF-FAB12FAC16CB}.Debug|Any CPU.ActiveCfg = Debug|Any CPU
		{8E222C49-B97F-4438-ADAF-FAB12FAC16CB}.Debug|Any CPU.Build.0 = Debug|Any CPU
		{8E222C49-B97F-4438-ADAF-FAB12FAC16CB}.Debug|x64.ActiveCfg = Debug|Any CPU
		{8E222C49-B97F-4438-ADAF-FAB12FAC16CB}.Debug|x64.Build.0 = Debug|Any CPU
		{8E222C49-B97F-4438-ADAF-FAB12FAC16CB}.Debug|x86.ActiveCfg = Debug|Any CPU
		{8E222C49-B97F-4438-ADAF-FAB12FAC16CB}.Debug|x86.Build.0 = Debug|Any CPU
		{8E222C49-B97F-4438-ADAF-FAB12FAC16CB}.Release|Any CPU.ActiveCfg = Release|Any CPU
		{8E222C49-B97F-4438-ADAF-FAB12FAC16CB}.Release|Any CPU.Build.0 = Release|Any CPU
		{8E222C49-B97F-4438-ADAF-FAB12FAC16CB}.Release|x64.ActiveCfg = Release|Any CPU
		{8E222C49-B97F-4438-ADAF-FAB12FAC16CB}.Release|x64.Build.0 = Release|Any CPU
		{8E222C49-B97F-4438-ADAF-FAB12FAC16CB}.Release|x86.ActiveCfg = Release|Any CPU
		{8E222C49-B97F-4438-ADAF-FAB12FAC16CB}.Release|x86.Build.0 = Release|Any CPU
		{3A2EB0E1-428F-4F76-ABD7-D9DA7354E203}.Debug|Any CPU.ActiveCfg = Debug|Any CPU
		{3A2EB0E1-428F-4F76-ABD7-D9DA7354E203}.Debug|Any CPU.Build.0 = Debug|Any CPU
		{3A2EB0E1-428F-4F76-ABD7-D9DA7354E203}.Debug|x64.ActiveCfg = Debug|Any CPU
		{3A2EB0E1-428F-4F76-ABD7-D9DA7354E203}.Debug|x64.Build.0 = Debug|Any CPU
		{3A2EB0E1-428F-4F76-ABD7-D9DA7354E203}.Debug|x86.ActiveCfg = Debug|Any CPU
		{3A2EB0E1-428F-4F76-ABD7-D9DA7354E203}.Debug|x86.Build.0 = Debug|Any CPU
		{3A2EB0E1-428F-4F76-ABD7-D9DA7354E203}.Release|Any CPU.ActiveCfg = Release|Any CPU
		{3A2EB0E1-428F-4F76-ABD7-D9DA7354E203}.Release|Any CPU.Build.0 = Release|Any CPU
		{3A2EB0E1-428F-4F76-ABD7-D9DA7354E203}.Release|x64.ActiveCfg = Release|Any CPU
		{3A2EB0E1-428F-4F76-ABD7-D9DA7354E203}.Release|x64.Build.0 = Release|Any CPU
		{3A2EB0E1-428F-4F76-ABD7-D9DA7354E203}.Release|x86.ActiveCfg = Release|Any CPU
		{3A2EB0E1-428F-4F76-ABD7-D9DA7354E203}.Release|x86.Build.0 = Release|Any CPU
	EndGlobalSection
EndGlobal
